
Microsoft Visual Studio Solution File, Format Version 12.00
# Visual Studio Version 16
VisualStudioVersion = 16.0.29326.143
MinimumVisualStudioVersion = 10.0.40219.1
Project("{FAE04EC0-301F-11D3-BF4B-00C04F79EFBC}") = "csv_excel", "csv_excel\csv_excel.csproj", "{AD44980F-6A0F-464B-80E9-B5B9F958E8F6}"
EndProject
Global
	GlobalSection(SolutionConfigurationPlatforms) = preSolution
		Debug|Any CPU = Debug|Any CPU
		Release|Any CPU = Release|Any CPU
	EndGlobalSection
	GlobalSection(ProjectConfigurationPlatforms) = postSolution
		{AD44980F-6A0F-464B-80E9-B5B9F958E8F6}.Debug|Any CPU.ActiveCfg = Debug|Any CPU
		{AD44980F-6A0F-464B-80E9-B5B9F958E8F6}.Debug|Any CPU.Build.0 = Debug|Any CPU
		{AD44980F-6A0F-464B-80E9-B5B9F958E8F6}.Release|Any CPU.ActiveCfg = Release|Any CPU
		{AD44980F-6A0F-464B-80E9-B5B9F958E8F6}.Release|Any CPU.Build.0 = Release|Any CPU
	EndGlobalSection
	GlobalSection(SolutionProperties) = preSolution
		HideSolutionNode = FALSE
	EndGlobalSection
	GlobalSection(ExtensibilityGlobals) = postSolution
		SolutionGuid = {FF02F23E-9F6D-4423-8A03-393C10E448C2}
	EndGlobalSection
EndGlobal
